
Microsoft Visual Studio Solution File, Format Version 12.00
# Visual Studio Version 17
VisualStudioVersion = 17.5.33516.290
MinimumVisualStudioVersion = 10.0.40219.1
Project("{FAE04EC0-301F-11D3-BF4B-00C04F79EFBC}") = "Data_Record", "Data_Record\Data_Record.csproj", "{3E035D82-ED48-47A6-82D6-41B59E59F74B}"
EndProject
Global
	GlobalSection(SolutionConfigurationPlatforms) = preSolution
		Debug|Any CPU = Debug|Any CPU
		Release|Any CPU = Release|Any CPU
	EndGlobalSection
	GlobalSection(ProjectConfigurationPlatforms) = postSolution
		{3E035D82-ED48-47A6-82D6-41B59E59F74B}.Debug|Any CPU.ActiveCfg = Debug|Any CPU
		{3E035D82-ED48-47A6-82D6-41B59E59F74B}.Debug|Any CPU.Build.0 = Debug|Any CPU
		{3E035D82-ED48-47A6-82D6-41B59E59F74B}.Release|Any CPU.ActiveCfg = Release|Any CPU
		{3E035D82-ED48-47A6-82D6-41B59E59F74B}.Release|Any CPU.Build.0 = Release|Any CPU
	EndGlobalSection
	GlobalSection(SolutionProperties) = preSolution
		HideSolutionNode = FALSE
	EndGlobalSection
	GlobalSection(ExtensibilityGlobals) = postSolution
		SolutionGuid = {9BCBBB3C-1A1A-4250-98FF-4303EED70932}
	EndGlobalSection
EndGlobal
